<?xml version="1.0" encoding="utf-8"?>
<Project ToolsVersion="4.0" xmlns="http://schemas.microsoft.com/developer/msbuild/2003">
  <ItemGroup>
    <Filter Include="Source">
      <UniqueIdentifier>{a1adcdbc-c6b3-42f4-b2f3-5cdffdcd744d}</UniqueIdentifier>
    </Filter>
    <Filter Include="Classes &amp; Libraries">
      <UniqueIdentifier>{ac20084a-b65d-428e-a137-cefddfef3be6}</UniqueIdentifier>
    </Filter>
    <Filter Include="Classes &amp; Libraries\CSocketServer">
      <UniqueIdentifier>{af4fd6ca-5368-4a5b-9347-bfdeb2211211}</UniqueIdentifier>
    </Filter>
    <Filter Include="Classes &amp; Libraries\CSocketServer\Documents">
      <UniqueIdentifier>{409cafa6-51d2-40ec-9d7c-7d65885e91c2}</UniqueIdentifier>
      <Extensions>txt</Extensions>
      <ParseFiles>false</ParseFiles>
    </Filter>
  </ItemGroup>
  <ItemGroup>
    <ClCompile Include="SockClient.Cpp">
      <Filter>Source</Filter>
    </ClCompile>
    <ClCompile Include="..\..\..\..\CSocketServer.Cpp">
      <Filter>Classes &amp; Libraries\CSocketServer</Filter>
    </ClCompile>
    <ClCompile Include="..\..\..\..\CSocketServer_Accept.Cpp">
      <Filter>Classes &amp; Libraries\CSocketServer</Filter>
    </ClCompile>
    <ClCompile Include="..\..\..\..\CSocketServer_ClassProperties.Cpp">
      <Filter>Classes &amp; Libraries\CSocketServer</Filter>
    </ClCompile>
    <ClCompile Include="..\..\..\..\CSocketServer_ClientProperties.Cpp">
      <Filter>Classes &amp; Libraries\CSocketServer</Filter>
    </ClCompile>
    <ClCompile Include="..\..\..\..\CSocketServer_ClientThread.Cpp">
      <Filter>Classes &amp; Libraries\CSocketServer</Filter>
    </ClCompile>
    <ClCompile Include="..\..\..\..\CSocketServer_Command.Cpp">
      <Filter>Classes &amp; Libraries\CSocketServer</Filter>
    </ClCompile>
    <ClCompile Include="..\..\..\..\CSocketServer_Connect.Cpp">
      <Filter>Classes &amp; Libraries\CSocketServer</Filter>
    </ClCompile>
    <ClCompile Include="..\..\..\..\CSocketServer_Events.Cpp">
      <Filter>Classes &amp; Libraries\CSocketServer</Filter>
    </ClCompile>
    <ClCompile Include="..\..\..\..\CSocketServer_Initialize.Cpp">
      <Filter>Classes &amp; Libraries\CSocketServer</Filter>
    </ClCompile>
    <ClCompile Include="..\..\..\..\CSocketServer_Internal.Cpp">
      <Filter>Classes &amp; Libraries\CSocketServer</Filter>
    </ClCompile>
    <ClCompile Include="..\..\..\..\CSocketServer_Locks.Cpp">
      <Filter>Classes &amp; Libraries\CSocketServer</Filter>
    </ClCompile>
    <ClCompile Include="..\..\..\..\CSocketServer_Memory.Cpp">
      <Filter>Classes &amp; Libraries\CSocketServer</Filter>
    </ClCompile>
    <ClCompile Include="..\..\..\..\CSocketServer_Packetize.Cpp">
      <Filter>Classes &amp; Libraries\CSocketServer</Filter>
    </ClCompile>
    <ClCompile Include="..\..\..\..\CSocketServer_PumpThread.Cpp">
      <Filter>Classes &amp; Libraries\CSocketServer</Filter>
    </ClCompile>
    <ClCompile Include="..\..\..\..\CSocketServer_Receive.Cpp">
      <Filter>Classes &amp; Libraries\CSocketServer</Filter>
    </ClCompile>
    <ClCompile Include="..\..\..\..\CSocketServer_Send.Cpp">
      <Filter>Classes &amp; Libraries\CSocketServer</Filter>
    </ClCompile>
    <ClCompile Include="..\..\..\..\CSocketServer_StartStop.Cpp">
      <Filter>Classes &amp; Libraries\CSocketServer</Filter>
    </ClCompile>
    <ClCompile Include="..\..\..\..\CSocketServer_Utilities.Cpp">
      <Filter>Classes &amp; Libraries\CSocketServer</Filter>
    </ClCompile>
    <ClCompile Include="..\..\..\..\CSocketServer_WSAInterface.Cpp">
      <Filter>Classes &amp; Libraries\CSocketServer</Filter>
    </ClCompile>
  </ItemGroup>
  <ItemGroup>
    <ClInclude Include="..\..\..\..\CSocketServer.H">
      <Filter>Classes &amp; Libraries\CSocketServer</Filter>
    </ClInclude>
  </ItemGroup>
  <ItemGroup>
    <None Include="..\..\..\..\Event Handlers.txt">
      <Filter>Classes &amp; Libraries\CSocketServer\Documents</Filter>
    </None>
  </ItemGroup>
</Project>